// !$*UTF8*$!
{
	archiveVersion = 1;
	classes = {
	};
	objectVersion = 50;
	objects = {

/* Begin PBXBuildFile section */
		127AB0542886C85D001C7880 /* Stanford_SwiftUI_MVVMApp.swift in Sources */ = {isa = PBXBuildFile; fileRef = 127AB0532886C85D001C7880 /* Stanford_SwiftUI_MVVMApp.swift */; };
		127AB0562886C85D001C7880 /* EmojiMemoryGameView.swift in Sources */ = {isa = PBXBuildFile; fileRef = 127AB0552886C85D001C7880 /* EmojiMemoryGameView.swift */; };
		127AB0582886C866001C7880 /* Assets.xcassets in Resources */ = {isa = PBXBuildFile; fileRef = 127AB0572886C866001C7880 /* Assets.xcassets */; };
		127AB05B2886C866001C7880 /* Preview Assets.xcassets in Resources */ = {isa = PBXBuildFile; fileRef = 127AB05A2886C866001C7880 /* Preview Assets.xcassets */; };
		127AB0632886D03D001C7880 /* MemoryGame.swift in Sources */ = {isa = PBXBuildFile; fileRef = 127AB0622886D03D001C7880 /* MemoryGame.swift */; };
		127AB0682886D1E3001C7880 /* EmojiMemoryGame.swift in Sources */ = {isa = PBXBuildFile; fileRef = 127AB0672886D1E3001C7880 /* EmojiMemoryGame.swift */; };
		127AB06A28884F98001C7880 /* AspectVGrid.swift in Sources */ = {isa = PBXBuildFile; fileRef = 127AB06928884F98001C7880 /* AspectVGrid.swift */; };
/* End PBXBuildFile section */

/* Begin PBXFileReference section */
		127AB0502886C85D001C7880 /* Stanford SwiftUI MVVM.app */ = {isa = PBXFileReference; explicitFileType = wrapper.application; includeInIndex = 0; path = "Stanford SwiftUI MVVM.app"; sourceTree = BUILT_PRODUCTS_DIR; };
		127AB0532886C85D001C7880 /* Stanford_SwiftUI_MVVMApp.swift */ = {isa = PBXFileReference; lastKnownFileType = sourcecode.swift; path = Stanford_SwiftUI_MVVMApp.swift; sourceTree = "<group>"; };
		127AB0552886C85D001C7880 /* EmojiMemoryGameView.swift */ = {isa = PBXFileReference; lastKnownFileType = sourcecode.swift; path = EmojiMemoryGameView.swift; sourceTree = "<group>"; };
		127AB0572886C866001C7880 /* Assets.xcassets */ = {isa = PBXFileReference; lastKnownFileType = folder.assetcatalog; path = Assets.xcassets; sourceTree = "<group>"; };
		127AB05A2886C866001C7880 /* Preview Assets.xcassets */ = {isa = PBXFileReference; lastKnownFileType = folder.assetcatalog; path = "Preview Assets.xcassets"; sourceTree = "<group>"; };
		127AB05C2886C866001C7880 /* Info.plist */ = {isa = PBXFileReference; lastKnownFileType = text.plist.xml; path = Info.plist; sourceTree = "<group>"; };
		127AB0622886D03D001C7880 /* MemoryGame.swift */ = {isa = PBXFileReference; lastKnownFileType = sourcecode.swift; path = MemoryGame.swift; sourceTree = "<group>"; };
		127AB0672886D1E3001C7880 /* EmojiMemoryGame.swift */ = {isa = PBXFileReference; lastKnownFileType = sourcecode.swift; path = EmojiMemoryGame.swift; sourceTree = "<group>"; };
		127AB06928884F98001C7880 /* AspectVGrid.swift */ = {isa = PBXFileReference; lastKnownFileType = sourcecode.swift; path = AspectVGrid.swift; sourceTree = "<group>"; };
/* End PBXFileReference section */

/* Begin PBXFrameworksBuildPhase section */
		127AB04D2886C85D001C7880 /* Frameworks */ = {
			isa = PBXFrameworksBuildPhase;
			buildActionMask = 2147483647;
			files = (
			);
			runOnlyForDeploymentPostprocessing = 0;
		};
/* End PBXFrameworksBuildPhase section */

/* Begin PBXGroup section */
		127AB0472886C85C001C7880 = {
			isa = PBXGroup;
			children = (
				127AB0522886C85D001C7880 /* Stanford SwiftUI MVVM */,
				127AB0512886C85D001C7880 /* Products */,
			);
			sourceTree = "<group>";
		};
		127AB0512886C85D001C7880 /* Products */ = {
			isa = PBXGroup;
			children = (
				127AB0502886C85D001C7880 /* Stanford SwiftUI MVVM.app */,
			);
			name = Products;
			sourceTree = "<group>";
		};
		127AB0522886C85D001C7880 /* Stanford SwiftUI MVVM */ = {
			isa = PBXGroup;
			children = (
				127AB0532886C85D001C7880 /* Stanford_SwiftUI_MVVMApp.swift */,
				127AB0642886D066001C7880 /* Model */,
				127AB0662886D087001C7880 /* ViewModel */,
				127AB0652886D07B001C7880 /* View */,
				127AB0572886C866001C7880 /* Assets.xcassets */,
				127AB05C2886C866001C7880 /* Info.plist */,
				127AB0592886C866001C7880 /* Preview Content */,
			);
			path = "Stanford SwiftUI MVVM";
			sourceTree = "<group>";
		};
		127AB0592886C866001C7880 /* Preview Content */ = {
			isa = PBXGroup;
			children = (
				127AB05A2886C866001C7880 /* Preview Assets.xcassets */,
			);
			path = "Preview Content";
			sourceTree = "<group>";
		};
		127AB0642886D066001C7880 /* Model */ = {
			isa = PBXGroup;
			children = (
				127AB0622886D03D001C7880 /* MemoryGame.swift */,
			);
			path = Model;
			sourceTree = "<group>";
		};
		127AB0652886D07B001C7880 /* View */ = {
			isa = PBXGroup;
			children = (
				127AB0552886C85D001C7880 /* EmojiMemoryGameView.swift */,
				127AB06928884F98001C7880 /* AspectVGrid.swift */,
			);
			path = View;
			sourceTree = "<group>";
		};
		127AB0662886D087001C7880 /* ViewModel */ = {
			isa = PBXGroup;
			children = (
				127AB0672886D1E3001C7880 /* EmojiMemoryGame.swift */,
			);
			path = ViewModel;
			sourceTree = "<group>";
		};
/* End PBXGroup section */

/* Begin PBXNativeTarget section */
		127AB04F2886C85D001C7880 /* Stanford SwiftUI MVVM */ = {
			isa = PBXNativeTarget;
			buildConfigurationList = 127AB05F2886C866001C7880 /* Build configuration list for PBXNativeTarget "Stanford SwiftUI MVVM" */;
			buildPhases = (
				127AB04C2886C85D001C7880 /* Sources */,
				127AB04D2886C85D001C7880 /* Frameworks */,
				127AB04E2886C85D001C7880 /* Resources */,
			);
			buildRules = (
			);
			dependencies = (
			);
			name = "Stanford SwiftUI MVVM";
			productName = "Stanford SwiftUI MVVM";
			productReference = 127AB0502886C85D001C7880 /* Stanford SwiftUI MVVM.app */;
			productType = "com.apple.product-type.application";
		};
/* End PBXNativeTarget section */

/* Begin PBXProject section */
		127AB0482886C85C001C7880 /* Project object */ = {
			isa = PBXProject;
			attributes = {
				LastSwiftUpdateCheck = 1250;
				LastUpgradeCheck = 1250;
				TargetAttributes = {
					127AB04F2886C85D001C7880 = {
						CreatedOnToolsVersion = 12.5.1;
					};
				};
			};
			buildConfigurationList = 127AB04B2886C85C001C7880 /* Build configuration list for PBXProject "Stanford SwiftUI MVVM" */;
			compatibilityVersion = "Xcode 9.3";
			developmentRegion = en;
			hasScannedForEncodings = 0;
			knownRegions = (
				en,
				Base,
			);
			mainGroup = 127AB0472886C85C001C7880;
			productRefGroup = 127AB0512886C85D001C7880 /* Products */;
			projectDirPath = "";
			projectRoot = "";
			targets = (
				127AB04F2886C85D001C7880 /* Stanford SwiftUI MVVM */,
			);
		};
/* End PBXProject section */

/* Begin PBXResourcesBuildPhase section */
		127AB04E2886C85D001C7880 /* Resources */ = {
			isa = PBXResourcesBuildPhase;
			buildActionMask = 2147483647;
			files = (
				127AB05B2886C866001C7880 /* Preview Assets.xcassets in Resources */,
				127AB0582886C866001C7880 /* Assets.xcassets in Resources */,
			);
			runOnlyForDeploymentPostprocessing = 0;
		};
/* End PBXResourcesBuildPhase section */

/* Begin PBXSourcesBuildPhase section */
		127AB04C2886C85D001C7880 /* Sources */ = {
			isa = PBXSourcesBuildPhase;
			buildActionMask = 2147483647;
			files = (
				127AB0632886D03D001C7880 /* MemoryGame.swift in Sources */,
				127AB0562886C85D001C7880 /* EmojiMemoryGameView.swift in Sources */,
				127AB0542886C85D001C7880 /* Stanford_SwiftUI_MVVMApp.swift in Sources */,
				127AB06A28884F98001C7880 /* AspectVGrid.swift in Sources */,
				127AB0682886D1E3001C7880 /* EmojiMemoryGame.swift in Sources */,
			);
			runOnlyForDeploymentPostprocessing = 0;
		};
/* End PBXSourcesBuildPhase section */

/* Begin XCBuildConfiguration section */
		127AB05D2886C866001C7880 /* Debug */ = {
			isa = XCBuildConfiguration;
			buildSettings = {
				ALWAYS_SEARCH_USER_PATHS = NO;
				CLANG_ANALYZER_NONNULL = YES;
				CLANG_ANALYZER_NUMBER_OBJECT_CONVERSION = YES_AGGRESSIVE;
				CLANG_CXX_LANGUAGE_STANDARD = "gnu++14";
				CLANG_CXX_LIBRARY = "libc++";
				CLANG_ENABLE_MODULES = YES;
				CLANG_ENABLE_OBJC_ARC = YES;
				CLANG_ENABLE_OBJC_WEAK = YES;
				CLANG_WARN_BLOCK_CAPTURE_AUTORELEASING = YES;
				CLANG_WARN_BOOL_CONVERSION = YES;
				CLANG_WARN_COMMA = YES;
				CLANG_WARN_CONSTANT_CONVERSION = YES;
				CLANG_WARN_DEPRECATED_OBJC_IMPLEMENTATIONS = YES;
				CLANG_WARN_DIRECT_OBJC_ISA_USAGE = YES_ERROR;
				CLANG_WARN_DOCUMENTATION_COMMENTS = YES;
				CLANG_WARN_EMPTY_BODY = YES;
				CLANG_WARN_ENUM_CONVERSION = YES;
				CLANG_WARN_INFINITE_RECURSION = YES;
				CLANG_WARN_INT_CONVERSION = YES;
				CLANG_WARN_NON_LITERAL_NULL_CONVERSION = YES;
				CLANG_WARN_OBJC_IMPLICIT_RETAIN_SELF = YES;
				CLANG_WARN_OBJC_LITERAL_CONVERSION = YES;
				CLANG_WARN_OBJC_ROOT_CLASS = YES_ERROR;
				CLANG_WARN_QUOTED_INCLUDE_IN_FRAMEWORK_HEADER = YES;
				CLANG_WARN_RANGE_LOOP_ANALYSIS = YES;
				CLANG_WARN_STRICT_PROTOTYPES = YES;
				CLANG_WARN_SUSPICIOUS_MOVE = YES;
				CLANG_WARN_UNGUARDED_AVAILABILITY = YES_AGGRESSIVE;
				CLANG_WARN_UNREACHABLE_CODE = YES;
				CLANG_WARN__DUPLICATE_METHOD_MATCH = YES;
				COPY_PHASE_STRIP = NO;
				DEBUG_INFORMATION_FORMAT = dwarf;
				ENABLE_STRICT_OBJC_MSGSEND = YES;
				ENABLE_TESTABILITY = YES;
				GCC_C_LANGUAGE_STANDARD = gnu11;
				GCC_DYNAMIC_NO_PIC = NO;
				GCC_NO_COMMON_BLOCKS = YES;
				GCC_OPTIMIZATION_LEVEL = 0;
				GCC_PREPROCESSOR_DEFINITIONS = (
					"DEBUG=1",
					"$(inherited)",
				);
				GCC_WARN_64_TO_32_BIT_CONVERSION = YES;
				GCC_WARN_ABOUT_RETURN_TYPE = YES_ERROR;
				GCC_WARN_UNDECLARED_SELECTOR = YES;
				GCC_WARN_UNINITIALIZED_AUTOS = YES_AGGRESSIVE;
				GCC_WARN_UNUSED_FUNCTION = YES;
				GCC_WARN_UNUSED_VARIABLE = YES;
				IPHONEOS_DEPLOYMENT_TARGET = 14.5;
				MTL_ENABLE_DEBUG_INFO = INCLUDE_SOURCE;
				MTL_FAST_MATH = YES;
				ONLY_ACTIVE_ARCH = YES;
				SDKROOT = iphoneos;
				SWIFT_ACTIVE_COMPILATION_CONDITIONS = DEBUG;
				SWIFT_OPTIMIZATION_LEVEL = "-Onone";
			};
			name = Debug;
		};
		127AB05E2886C866001C7880 /* Release */ = {
			isa = XCBuildConfiguration;
			buildSettings = {
				ALWAYS_SEARCH_USER_PATHS = NO;
				CLANG_ANALYZER_NONNULL = YES;
				CLANG_ANALYZER_NUMBER_OBJECT_CONVERSION = YES_AGGRESSIVE;
				CLANG_CXX_LANGUAGE_STANDARD = "gnu++14";
				CLANG_CXX_LIBRARY = "libc++";
				CLANG_ENABLE_MODULES = YES;
				CLANG_ENABLE_OBJC_ARC = YES;
				CLANG_ENABLE_OBJC_WEAK = YES;
				CLANG_WARN_BLOCK_CAPTURE_AUTORELEASING = YES;
				CLANG_WARN_BOOL_CONVERSION = YES;
				CLANG_WARN_COMMA = YES;
				CLANG_WARN_CONSTANT_CONVERSION = YES;
				CLANG_WARN_DEPRECATED_OBJC_IMPLEMENTATIONS = YES;
				CLANG_WARN_DIRECT_OBJC_ISA_USAGE = YES_ERROR;
				CLANG_WARN_DOCUMENTATION_COMMENTS = YES;
				CLANG_WARN_EMPTY_BODY = YES;
				CLANG_WARN_ENUM_CONVERSION = YES;
				CLANG_WARN_INFINITE_RECURSION = YES;
				CLANG_WARN_INT_CONVERSION = YES;
				CLANG_WARN_NON_LITERAL_NULL_CONVERSION = YES;
				CLANG_WARN_OBJC_IMPLICIT_RETAIN_SELF = YES;
				CLANG_WARN_OBJC_LITERAL_CONVERSION = YES;
				CLANG_WARN_OBJC_ROOT_CLASS = YES_ERROR;
				CLANG_WARN_QUOTED_INCLUDE_IN_FRAMEWORK_HEADER = YES;
				CLANG_WARN_RANGE_LOOP_ANALYSIS = YES;
				CLANG_WARN_STRICT_PROTOTYPES = YES;
				CLANG_WARN_SUSPICIOUS_MOVE = YES;
				CLANG_WARN_UNGUARDED_AVAILABILITY = YES_AGGRESSIVE;
				CLANG_WARN_UNREACHABLE_CODE = YES;
				CLANG_WARN__DUPLICATE_METHOD_MATCH = YES;
				COPY_PHASE_STRIP = NO;
				DEBUG_INFORMATION_FORMAT = "dwarf-with-dsym";
				ENABLE_NS_ASSERTIONS = NO;
				ENABLE_STRICT_OBJC_MSGSEND = YES;
				GCC_C_LANGUAGE_STANDARD = gnu11;
				GCC_NO_COMMON_BLOCKS = YES;
				GCC_WARN_64_TO_32_BIT_CONVERSION = YES;
				GCC_WARN_ABOUT_RETURN_TYPE = YES_ERROR;
				GCC_WARN_UNDECLARED_SELECTOR = YES;
				GCC_WARN_UNINITIALIZED_AUTOS = YES_AGGRESSIVE;
				GCC_WARN_UNUSED_FUNCTION = YES;
				GCC_WARN_UNUSED_VARIABLE = YES;
				IPHONEOS_DEPLOYMENT_TARGET = 14.5;
				MTL_ENABLE_DEBUG_INFO = NO;
				MTL_FAST_MATH = YES;
				SDKROOT = iphoneos;
				SWIFT_COMPILATION_MODE = wholemodule;
				SWIFT_OPTIMIZATION_LEVEL = "-O";
				VALIDATE_PRODUCT = YES;
			};
			name = Release;
		};
		127AB0602886C866001C7880 /* Debug */ = {
			isa = XCBuildConfiguration;
			buildSettings = {
				ASSETCATALOG_COMPILER_APPICON_NAME = AppIcon;
				ASSETCATALOG_COMPILER_GLOBAL_ACCENT_COLOR_NAME = AccentColor;
				CODE_SIGN_STYLE = Automatic;
				DEVELOPMENT_ASSET_PATHS = "\"Stanford SwiftUI MVVM/Preview Content\"";
				DEVELOPMENT_TEAM = F8AP54Z6AD;
				ENABLE_PREVIEWS = YES;
				INFOPLIST_FILE = "Stanford SwiftUI MVVM/Info.plist";
				IPHONEOS_DEPLOYMENT_TARGET = 14.0;
				LD_RUNPATH_SEARCH_PATHS = (
					"$(inherited)",
					"@executable_path/Frameworks",
				);
				PRODUCT_BUNDLE_IDENTIFIER = "com.AnthonyCrown.Stanford-SwiftUI-MVVM";
				PRODUCT_NAME = "$(TARGET_NAME)";
				SWIFT_VERSION = 5.0;
				TARGETED_DEVICE_FAMILY = "1,2";
			};
			name = Debug;
		};
		127AB0612886C866001C7880 /* Release */ = {
			isa = XCBuildConfiguration;
			buildSettings = {
				ASSETCATALOG_COMPILER_APPICON_NAME = AppIcon;
				ASSETCATALOG_COMPILER_GLOBAL_ACCENT_COLOR_NAME = AccentColor;
				CODE_SIGN_STYLE = Automatic;
				DEVELOPMENT_ASSET_PATHS = "\"Stanford SwiftUI MVVM/Preview Content\"";
				DEVELOPMENT_TEAM = F8AP54Z6AD;
				ENABLE_PREVIEWS = YES;
				INFOPLIST_FILE = "Stanford SwiftUI MVVM/Info.plist";
				IPHONEOS_DEPLOYMENT_TARGET = 14.0;
				LD_RUNPATH_SEARCH_PATHS = (
					"$(inherited)",
					"@executable_path/Frameworks",
				);
				PRODUCT_BUNDLE_IDENTIFIER = "com.AnthonyCrown.Stanford-SwiftUI-MVVM";
				PRODUCT_NAME = "$(TARGET_NAME)";
				SWIFT_VERSION = 5.0;
				TARGETED_DEVICE_FAMILY = "1,2";
			};
			name = Release;
		};
/* End XCBuildConfiguration section */

/* Begin XCConfigurationList section */
		127AB04B2886C85C001C7880 /* Build configuration list for PBXProject "Stanford SwiftUI MVVM" */ = {
			isa = XCConfigurationList;
			buildConfigurations = (
				127AB05D2886C866001C7880 /* Debug */,
				127AB05E2886C866001C7880 /* Release */,
			);
			defaultConfigurationIsVisible = 0;
			defaultConfigurationName = Release;
		};
		127AB05F2886C866001C7880 /* Build configuration list for PBXNativeTarget "Stanford SwiftUI MVVM" */ = {
			isa = XCConfigurationList;
			buildConfigurations = (
				127AB0602886C866001C7880 /* Debug */,
				127AB0612886C866001C7880 /* Release */,
			);
			defaultConfigurationIsVisible = 0;
			defaultConfigurationName = Release;
		};
/* End XCConfigurationList section */
	};
	rootObject = 127AB0482886C85C001C7880 /* Project object */;
}
